{
  "name": "coolgle",
  "lockfileVersion": 3,
  "requires": true,
  "packages": {
    "": {
      "name": "coolgle",
      "dependencies": {
        "@dicebear/collection": "^7.0.1",
        "@dicebear/core": "^7.0.1",
        "body-parser": "^1.20.2",
        "cookie-parser": "^1.4.6",
        "crypto-js": "^4.1.1",
        "ejs": "^3.1.9",
        "express": "^4.18.2",
        "express-session": "^1.17.3",
        "hono": "^3.6.1"
      },
      "devDependencies": {
        "@types/crypto-js": "^4.1.2",
        "@types/ejs": "^3.1.2",
        "@types/express": "^4.17.17",
        "@types/express-session": "^1.17.7",
        "bun-types": "latest"
      },
      "peerDependencies": {
        "typescript": "^5.0.0"
      }
    },
    "node_modules/@dicebear/adventurer": {
      "version": "7.0.1",
      "resolved": "https://registry.npmjs.org/@dicebear/adventurer/-/adventurer-7.0.1.tgz",
      "integrity": "sha512-eqbHHAQO8HjG8YNMl8xgklxphC7HvfDtqVr1rkJWP98e7r2AdQpu0cPYIOZPV4uv9gxl1ncaErQjdjvIvFRGiA==",
      "engines": {
        "node": ">=16.0.0"
      },
      "peerDependencies": {
        "@dicebear/core": "^7.0.0"
      }
    },
    "node_modules/@dicebear/adventurer-neutral": {
      "version": "7.0.1",
      "resolved": "https://registry.npmjs.org/@dicebear/adventurer-neutral/-/adventurer-neutral-7.0.1.tgz",
      "integrity": "sha512-dZfyaUFS8qQv7Lv+OXNTHVkercDCh+VqGSJU8jIf3FFbtFbFF79FXZJwJ8V3+pr0xKcZWa8i+8hXLtU3gqZ18g==",
      "engines": {
        "node": ">=16.0.0"
      },
      "peerDependencies": {
        "@dicebear/core": "^7.0.0"
      }
    },
    "node_modules/@dicebear/avataaars": {
      "version": "7.0.1",
      "resolved": "https://registry.npmjs.org/@dicebear/avataaars/-/avataaars-7.0.1.tgz",
      "integrity": "sha512-U7JJLDFJsbVyQl3j1SqtTxi5h+I5JXL8CGfwAOPtQTnk/tKQFXM9WF/zdHegtxbxYAxQaYJtyprdwTJHx5ELnw==",
      "engines": {
        "node": ">=16.0.0"
      },
      "peerDependencies": {
        "@dicebear/core": "^7.0.0"
      }
    },
    "node_modules/@dicebear/avataaars-neutral": {
      "version": "7.0.1",
      "resolved": "https://registry.npmjs.org/@dicebear/avataaars-neutral/-/avataaars-neutral-7.0.1.tgz",
      "integrity": "sha512-e3XwK3xup4ifJ/BUNjR5rcrw9982SC75UTJlPsKuuOM/Lwx3MtUe3+dqeDSyYbrC7KoWespX70oDZK1+2dBQFw==",
      "engines": {
        "node": ">=16.0.0"
      },
      "peerDependencies": {
        "@dicebear/core": "^7.0.0"
      }
    },
    "node_modules/@dicebear/big-ears": {
      "version": "7.0.1",
      "resolved": "https://registry.npmjs.org/@dicebear/big-ears/-/big-ears-7.0.1.tgz",
      "integrity": "sha512-ITI0IQCwdn5s5/kUrNdO488TQvZdiCljnzKpqbQ1hqfsxZ0C+eZs+cudZ0bqLftYxM+WBvmaJwrh3pXNAz1h+w==",
      "engines": {
        "node": ">=16.0.0"
      },
      "peerDependencies": {
        "@dicebear/core": "^7.0.0"
      }
    },
    "node_modules/@dicebear/big-ears-neutral": {
      "version": "7.0.1",
      "resolved": "https://registry.npmjs.org/@dicebear/big-ears-neutral/-/big-ears-neutral-7.0.1.tgz",
      "integrity": "sha512-2QK9HVmApoGFLi3ONW9mh0Tk/PPyHx9rvzUvcT5H/mb80ooBqIVMPYYq4rVlGVP6wAtsNHdoxzzlKja0DG+vvQ==",
      "engines": {
        "node": ">=16.0.0"
      },
      "peerDependencies": {
        "@dicebear/core": "^7.0.0"
      }
    },
    "node_modules/@dicebear/big-smile": {
      "version": "7.0.1",
      "resolved": "https://registry.npmjs.org/@dicebear/big-smile/-/big-smile-7.0.1.tgz",
      "integrity": "sha512-hVAhUMZ0LUhMFvtmUDR8GU7v2ufl5pOcVPiVSC3oV8nyywFp7s1ZqYGhi6rBCEG3qsMR54JfMFWkjV88j4Yrmg==",
      "engines": {
        "node": ">=16.0.0"
      },
      "peerDependencies": {
        "@dicebear/core": "^7.0.0"
      }
    },
    "node_modules/@dicebear/bottts": {
      "version": "7.0.1",
      "resolved": "https://registry.npmjs.org/@dicebear/bottts/-/bottts-7.0.1.tgz",
      "integrity": "sha512-k0adSvnT9+gFDO7/Cmts9TM3CSWYrZrxZe1WpELjTvwe4QOqdn3LgrYR9JXU/2hRz3GaXtP02SHNd85CkadYVw==",
      "engines": {
        "node": ">=16.0.0"
      },
      "peerDependencies": {
        "@dicebear/core": "^7.0.0"
      }
    },
    "node_modules/@dicebear/bottts-neutral": {
      "version": "7.0.1",
      "resolved": "https://registry.npmjs.org/@dicebear/bottts-neutral/-/bottts-neutral-7.0.1.tgz",
      "integrity": "sha512-1T1NEKAEvqyGlUprkO1Q1btITZnMBiCP5YeCy6wYyM7qJsPVDSySsjASJ1j/+IZFi8ePgWReFIbigFiHdo7iLA==",
      "engines": {
        "node": ">=16.0.0"
      },
      "peerDependencies": {
        "@dicebear/core": "^7.0.0"
      }
    },
    "node_modules/@dicebear/collection": {
      "version": "7.0.1",
      "resolved": "https://registry.npmjs.org/@dicebear/collection/-/collection-7.0.1.tgz",
      "integrity": "sha512-Y5xzjU2hiklYUkqsSr5VBpVPG++iUUTm1UDJLPM+iXg3lMF3PQuifXoaAxcuoBvvnKfJKNHf5wP1Bq6nRUl4NA==",
      "dependencies": {
        "@dicebear/adventurer": "7.0.1",
        "@dicebear/adventurer-neutral": "7.0.1",
        "@dicebear/avataaars": "7.0.1",
        "@dicebear/avataaars-neutral": "7.0.1",
        "@dicebear/big-ears": "7.0.1",
        "@dicebear/big-ears-neutral": "7.0.1",
        "@dicebear/big-smile": "7.0.1",
        "@dicebear/bottts": "7.0.1",
        "@dicebear/bottts-neutral": "7.0.1",
        "@dicebear/croodles": "7.0.1",
        "@dicebear/croodles-neutral": "7.0.1",
        "@dicebear/fun-emoji": "7.0.1",
        "@dicebear/icons": "7.0.1",
        "@dicebear/identicon": "7.0.1",
        "@dicebear/initials": "7.0.1",
        "@dicebear/lorelei": "7.0.1",
        "@dicebear/lorelei-neutral": "7.0.1",
        "@dicebear/micah": "7.0.1",
        "@dicebear/miniavs": "7.0.1",
        "@dicebear/notionists": "7.0.1",
        "@dicebear/notionists-neutral": "7.0.1",
        "@dicebear/open-peeps": "7.0.1",
        "@dicebear/personas": "7.0.1",
        "@dicebear/pixel-art": "7.0.1",
        "@dicebear/pixel-art-neutral": "7.0.1",
        "@dicebear/rings": "7.0.1",
        "@dicebear/shapes": "7.0.1",
        "@dicebear/thumbs": "7.0.1"
      },
      "engines": {
        "node": ">=16.0.0"
      },
      "peerDependencies": {
        "@dicebear/core": "^7.0.0"
      }
    },
    "node_modules/@dicebear/converter": {
      "version": "7.0.1",
      "resolved": "https://registry.npmjs.org/@dicebear/converter/-/converter-7.0.1.tgz",
      "integrity": "sha512-CEIF6ZKi1FAE9kW10FvuPUjA6HLi+LcuB/GRFct/Bv28llzTel9xwbmfOEa1aIM8Nnp8BuT4U7tBIytksf+ptw==",
      "dependencies": {
        "@types/json-schema": "^7.0.11",
        "tmp-promise": "^3.0.3"
      },
      "engines": {
        "node": ">=16.0.0"
      },
      "peerDependencies": {
        "@resvg/resvg-js": "^2.4.1",
        "exiftool-vendored": "^22.0.0",
        "sharp": "^0.32.1"
      },
      "peerDependenciesMeta": {
        "@resvg/resvg-js": {
          "optional": true
        },
        "exiftool-vendored": {
          "optional": true
        },
        "sharp": {
          "optional": true
        }
      }
    },
    "node_modules/@dicebear/core": {
      "version": "7.0.1",
      "resolved": "https://registry.npmjs.org/@dicebear/core/-/core-7.0.1.tgz",
      "integrity": "sha512-jaJG693c+myLocgG3kKXdHa+WJ+S6OcD31SEr9Oby7hhOzALQYD+LcJ15oBWwI7SLHJcGPYTOLyx2eDr8YhXCQ==",
      "dependencies": {
        "@dicebear/converter": "7.0.1",
        "@types/json-schema": "^7.0.11"
      },
      "engines": {
        "node": ">=16.0.0"
      }
    },
    "node_modules/@dicebear/croodles": {
      "version": "7.0.1",
      "resolved": "https://registry.npmjs.org/@dicebear/croodles/-/croodles-7.0.1.tgz",
      "integrity": "sha512-uauBTUvKFvsiaT+LWYKCEboEeOJy2Pk055nsdczi13UgHHfj+Qvy0/ky/uzYn+WC/1gewqQ6w/yS1WfpgPtIpg==",
      "engines": {
        "node": ">=16.0.0"
      },
      "peerDependencies": {
        "@dicebear/core": "^7.0.0"
      }
    },
    "node_modules/@dicebear/croodles-neutral": {
      "version": "7.0.1",
      "resolved": "https://registry.npmjs.org/@dicebear/croodles-neutral/-/croodles-neutral-7.0.1.tgz",
      "integrity": "sha512-u09YylowZcbSAVyKJ4I8BCo1ehluqg3onYCclx++8mOWcEo+XGsGKIeN7osayaflNY/qtA9Jt2JsPgiS8KpQ5A==",
      "engines": {
        "node": ">=16.0.0"
      },
      "peerDependencies": {
        "@dicebear/core": "^7.0.0"
      }
    },
    "node_modules/@dicebear/fun-emoji": {
      "version": "7.0.1",
      "resolved": "https://registry.npmjs.org/@dicebear/fun-emoji/-/fun-emoji-7.0.1.tgz",
      "integrity": "sha512-oJj5sb4rakro4e0lZTCkcKkiClHxDWr6+NWTwoU5L1HYRkXV6ngk4s7xSdOrYBQpYjLhdu+Lpx1VHYNpLUu2vg==",
      "engines": {
        "node": ">=16.0.0"
      },
      "peerDependencies": {
        "@dicebear/core": "^7.0.0"
      }
    },
    "node_modules/@dicebear/icons": {
      "version": "7.0.1",
      "resolved": "https://registry.npmjs.org/@dicebear/icons/-/icons-7.0.1.tgz",
      "integrity": "sha512-juHS4feScGCz4YdiwjxR60RJ2G7Z6W+tdUqNHN9ufMvY/FpJTfrQvzvrJfJfc84QZwIrqI/96WV3JIBEIO2AwQ==",
      "engines": {
        "node": ">=16.0.0"
      },
      "peerDependencies": {
        "@dicebear/core": "^7.0.0"
      }
    },
    "node_modules/@dicebear/identicon": {
      "version": "7.0.1",
      "resolved": "https://registry.npmjs.org/@dicebear/identicon/-/identicon-7.0.1.tgz",
      "integrity": "sha512-9W9pqqhvpMsZmOkjuLwlw0iift56A3VFq7eNpJPB1mm6gytfqgxozgOVLDFgug9VXgUVI2Jrk/XnXGIFVIeVQA==",
      "engines": {
        "node": ">=16.0.0"
      },
      "peerDependencies": {
        "@dicebear/core": "^7.0.0"
      }
    },
    "node_modules/@dicebear/initials": {
      "version": "7.0.1",
      "resolved": "https://registry.npmjs.org/@dicebear/initials/-/initials-7.0.1.tgz",
      "integrity": "sha512-zCI6fky4odM5ezl/GlhcSdnu+oNfmBbIghFB5NzgB/wV5nHmw2okONRC+Mgmxv8P8EpFb9z5hEOnh8xwW8htow==",
      "engines": {
        "node": ">=16.0.0"
      },
      "peerDependencies": {
        "@dicebear/core": "^7.0.0"
      }
    },
    "node_modules/@dicebear/lorelei": {
      "version": "7.0.1",
      "resolved": "https://registry.npmjs.org/@dicebear/lorelei/-/lorelei-7.0.1.tgz",
      "integrity": "sha512-3pyI2JF70PlqZUZEs5pVxmQWDJ2/bWmGG/iFtwsEh9HivtF8Zon4Er0NrsEoiKDvScyY4VGwl4LyUBc8JvNb9w==",
      "engines": {
        "node": ">=16.0.0"
      },
      "peerDependencies": {
        "@dicebear/core": "^7.0.0"
      }
    },
    "node_modules/@dicebear/lorelei-neutral": {
      "version": "7.0.1",
      "resolved": "https://registry.npmjs.org/@dicebear/lorelei-neutral/-/lorelei-neutral-7.0.1.tgz",
      "integrity": "sha512-4XaqE5v1dhE4TYrKSGG/VNUFqA31ADlqOnr6bd27E5MnaJLlY8ZAm3sue7EI9kEJ/i5KYov+Q4uS7JNDA5+cag==",
      "engines": {
        "node": ">=16.0.0"
      },
      "peerDependencies": {
        "@dicebear/core": "^7.0.0"
      }
    },
    "node_modules/@dicebear/micah": {
      "version": "7.0.1",
      "resolved": "https://registry.npmjs.org/@dicebear/micah/-/micah-7.0.1.tgz",
      "integrity": "sha512-zHnEewRaREZGNTqnlZiSoha/wNFxEsVQ3E5QYpe9KB3rcLW4CVUgFAHjb449vniG6NfsAWzyAkOfhy4N6Zzw0g==",
      "engines": {
        "node": ">=16.0.0"
      },
      "peerDependencies": {
        "@dicebear/core": "^7.0.0"
      }
    },
    "node_modules/@dicebear/miniavs": {
      "version": "7.0.1",
      "resolved": "https://registry.npmjs.org/@dicebear/miniavs/-/miniavs-7.0.1.tgz",
      "integrity": "sha512-v0n2JT0N1I7vAGoi4NQ98IKtn4JgjwD2Gkqq7l5QAy0jzl1v289FfTng0cOrthroMGBQ5jPS0wUyI0TluoFZRw==",
      "engines": {
        "node": ">=16.0.0"
      },
      "peerDependencies": {
        "@dicebear/core": "^7.0.0"
      }
    },
    "node_modules/@dicebear/notionists": {
      "version": "7.0.1",
      "resolved": "https://registry.npmjs.org/@dicebear/notionists/-/notionists-7.0.1.tgz",
      "integrity": "sha512-uEYBywouoUmvWtWARyeqAoQWX1DpvKL33dVxZ5K/ulYd/nXu9WHeFCPaP4tqE5II1XPS4khwneimFN6F1HA5NQ==",
      "engines": {
        "node": ">=16.0.0"
      },
      "peerDependencies": {
        "@dicebear/core": "^7.0.0"
      }
    },
    "node_modules/@dicebear/notionists-neutral": {
      "version": "7.0.1",
      "resolved": "https://registry.npmjs.org/@dicebear/notionists-neutral/-/notionists-neutral-7.0.1.tgz",
      "integrity": "sha512-jRA7u2UU1I9EXzqBZL3vwI/V7pdDT60yB3bBjyD5J4TznT7bMwt7qEm1eV31U37mn3H+LTFiPD9/4G6whiU3nQ==",
      "engines": {
        "node": ">=16.0.0"
      },
      "peerDependencies": {
        "@dicebear/core": "^7.0.0"
      }
    },
    "node_modules/@dicebear/open-peeps": {
      "version": "7.0.1",
      "resolved": "https://registry.npmjs.org/@dicebear/open-peeps/-/open-peeps-7.0.1.tgz",
      "integrity": "sha512-z1gXzd7XXLzSZpOrDPZmnJDXySCUEKmunRdRuWBSRrfIcVkgStZM0y8uuSrs3LpR8U2xcNJN9yO2wNRRWKmFEw==",
      "engines": {
        "node": ">=16.0.0"
      },
      "peerDependencies": {
        "@dicebear/core": "^7.0.0"
      }
    },
    "node_modules/@dicebear/personas": {
      "version": "7.0.1",
      "resolved": "https://registry.npmjs.org/@dicebear/personas/-/personas-7.0.1.tgz",
      "integrity": "sha512-6/nsrN7JIlMqdH7UwhrACVoCEM3IVHkpMq2I0A1JbhmYp240TI8kM5xYSF0KRdOyAPbyDH/TEB8Uld4LKE+3wQ==",
      "engines": {
        "node": ">=16.0.0"
      },
      "peerDependencies": {
        "@dicebear/core": "^7.0.0"
      }
    },
    "node_modules/@dicebear/pixel-art": {
      "version": "7.0.1",
      "resolved": "https://registry.npmjs.org/@dicebear/pixel-art/-/pixel-art-7.0.1.tgz",
      "integrity": "sha512-9f17Ze4533CbHp23E+gRSSZdCUAB5/PieRq6/ZtVOnPI/PfglhhKMKSxQIm/H267gE2Y+VVhHpUTwGlbAgh1Lg==",
      "engines": {
        "node": ">=16.0.0"
      },
      "peerDependencies": {
        "@dicebear/core": "^7.0.0"
      }
    },
    "node_modules/@dicebear/pixel-art-neutral": {
      "version": "7.0.1",
      "resolved": "https://registry.npmjs.org/@dicebear/pixel-art-neutral/-/pixel-art-neutral-7.0.1.tgz",
      "integrity": "sha512-+9RS0ohGDbPu+W2eGGk3LyzvFbM5qsuhCQR4qO7YIcvmODyNFPJ7eW9g/MHFVPLQXq60SCEUF5CEKY0xs4baUQ==",
      "engines": {
        "node": ">=16.0.0"
      },
      "peerDependencies": {
        "@dicebear/core": "^7.0.0"
      }
    },
    "node_modules/@dicebear/rings": {
      "version": "7.0.1",
      "resolved": "https://registry.npmjs.org/@dicebear/rings/-/rings-7.0.1.tgz",
      "integrity": "sha512-6wsLE4kbkBGeaaEA/afIV0eNYYfIVXo60XgApJA7JdcwyvdTa9LE5Wcp2VBEsZYXdsT9Ml7BC4er/QyMqCayUw==",
      "engines": {
        "node": ">=16.0.0"
      },
      "peerDependencies": {
        "@dicebear/core": "^7.0.0"
      }
    },
    "node_modules/@dicebear/shapes": {
      "version": "7.0.1",
      "resolved": "https://registry.npmjs.org/@dicebear/shapes/-/shapes-7.0.1.tgz",
      "integrity": "sha512-/ol+SazDlJYYe5pYaqKcnYDBjux+2Ny57hIrkHhonV0z4ny3Pq6c4Lq+hN3MnTBpKJszCXLrSP3uCbSQpjnkOg==",
      "engines": {
        "node": ">=16.0.0"
      },
      "peerDependencies": {
        "@dicebear/core": "^7.0.0"
      }
    },
    "node_modules/@dicebear/thumbs": {
      "version": "7.0.1",
      "resolved": "https://registry.npmjs.org/@dicebear/thumbs/-/thumbs-7.0.1.tgz",
      "integrity": "sha512-eQYVJ8NN9buPfbd2Va0fY8sHRq9n1d7FJt/dL9xwimRGlpWh9lqS6gcHazuSHhSgnRHsHLANEiyboIcyhWh2Hg==",
      "engines": {
        "node": ">=16.0.0"
      },
      "peerDependencies": {
        "@dicebear/core": "^7.0.0"
      }
    },
    "node_modules/@types/body-parser": {
      "version": "1.19.3",
      "resolved": "https://registry.npmjs.org/@types/body-parser/-/body-parser-1.19.3.tgz",
      "integrity": "sha512-oyl4jvAfTGX9Bt6Or4H9ni1Z447/tQuxnZsytsCaExKlmJiU8sFgnIBRzJUpKwB5eWn9HuBYlUlVA74q/yN0eQ==",
      "dev": true,
      "dependencies": {
        "@types/connect": "*",
        "@types/node": "*"
      }
    },
    "node_modules/@types/connect": {
      "version": "3.4.36",
      "resolved": "https://registry.npmjs.org/@types/connect/-/connect-3.4.36.tgz",
      "integrity": "sha512-P63Zd/JUGq+PdrM1lv0Wv5SBYeA2+CORvbrXbngriYY0jzLUWfQMQQxOhjONEz/wlHOAxOdY7CY65rgQdTjq2w==",
      "dev": true,
      "dependencies": {
        "@types/node": "*"
      }
    },
    "node_modules/@types/crypto-js": {
      "version": "4.1.2",
      "resolved": "https://registry.npmjs.org/@types/crypto-js/-/crypto-js-4.1.2.tgz",
      "integrity": "sha512-t33RNmTu5ufG/sorROIafiCVJMx3jz95bXUMoPAZcUD14fxMXnuTzqzXZoxpR0tNx2xpw11Dlmem9vGCsrSOfA==",
      "dev": true
    },
    "node_modules/@types/ejs": {
      "version": "3.1.2",
      "resolved": "https://registry.npmjs.org/@types/ejs/-/ejs-3.1.2.tgz",
      "integrity": "sha512-ZmiaE3wglXVWBM9fyVC17aGPkLo/UgaOjEiI2FXQfyczrCefORPxIe+2dVmnmk3zkVIbizjrlQzmPGhSYGXG5g==",
      "dev": true
    },
    "node_modules/@types/express": {
      "version": "4.17.17",
      "resolved": "https://registry.npmjs.org/@types/express/-/express-4.17.17.tgz",
      "integrity": "sha512-Q4FmmuLGBG58btUnfS1c1r/NQdlp3DMfGDGig8WhfpA2YRUtEkxAjkZb0yvplJGYdF1fsQ81iMDcH24sSCNC/Q==",
      "dev": true,
      "dependencies": {
        "@types/body-parser": "*",
        "@types/express-serve-static-core": "^4.17.33",
        "@types/qs": "*",
        "@types/serve-static": "*"
      }
    },
    "node_modules/@types/express-serve-static-core": {
      "version": "4.17.36",
      "resolved": "https://registry.npmjs.org/@types/express-serve-static-core/-/express-serve-static-core-4.17.36.tgz",
      "integrity": "sha512-zbivROJ0ZqLAtMzgzIUC4oNqDG9iF0lSsAqpOD9kbs5xcIM3dTiyuHvBc7R8MtWBp3AAWGaovJa+wzWPjLYW7Q==",
      "dev": true,
      "dependencies": {
        "@types/node": "*",
        "@types/qs": "*",
        "@types/range-parser": "*",
        "@types/send": "*"
      }
    },
    "node_modules/@types/express-session": {
      "version": "1.17.7",
      "resolved": "https://registry.npmjs.org/@types/express-session/-/express-session-1.17.7.tgz",
      "integrity": "sha512-L25080PBYoRLu472HY/HNCxaXY8AaGgqGC8/p/8+BYMhG0RDOLQ1wpXOpAzr4Gi5TGozTKyJv5BVODM5UNyVMw==",
      "dev": true,
      "dependencies": {
        "@types/express": "*"
      }
    },
    "node_modules/@types/http-errors": {
      "version": "2.0.1",
      "resolved": "https://registry.npmjs.org/@types/http-errors/-/http-errors-2.0.1.tgz",
      "integrity": "sha512-/K3ds8TRAfBvi5vfjuz8y6+GiAYBZ0x4tXv1Av6CWBWn0IlADc+ZX9pMq7oU0fNQPnBwIZl3rmeLp6SBApbxSQ==",
      "dev": true
    },
    "node_modules/@types/json-schema": {
      "version": "7.0.13",
      "resolved": "https://registry.npmjs.org/@types/json-schema/-/json-schema-7.0.13.tgz",
      "integrity": "sha512-RbSSoHliUbnXj3ny0CNFOoxrIDV6SUGyStHsvDqosw6CkdPV8TtWGlfecuK4ToyMEAql6pzNxgCFKanovUzlgQ=="
    },
    "node_modules/@types/mime": {
      "version": "1.3.2",
      "resolved": "https://registry.npmjs.org/@types/mime/-/mime-1.3.2.tgz",
      "integrity": "sha512-YATxVxgRqNH6nHEIsvg6k2Boc1JHI9ZbH5iWFFv/MTkchz3b1ieGDa5T0a9RznNdI0KhVbdbWSN+KWWrQZRxTw==",
      "dev": true
    },
    "node_modules/@types/node": {
      "version": "20.6.1",
      "resolved": "https://registry.npmjs.org/@types/node/-/node-20.6.1.tgz",
      "integrity": "sha512-4LcJvuXQlv4lTHnxwyHQZ3uR9Zw2j7m1C9DfuwoTFQQP4Pmu04O6IfLYgMmHoOCt0nosItLLZAH+sOrRE0Bo8g==",
      "dev": true
    },
    "node_modules/@types/qs": {
      "version": "6.9.8",
      "resolved": "https://registry.npmjs.org/@types/qs/-/qs-6.9.8.tgz",
      "integrity": "sha512-u95svzDlTysU5xecFNTgfFG5RUWu1A9P0VzgpcIiGZA9iraHOdSzcxMxQ55DyeRaGCSxQi7LxXDI4rzq/MYfdg==",
      "dev": true
    },
    "node_modules/@types/range-parser": {
      "version": "1.2.4",
      "resolved": "https://registry.npmjs.org/@types/range-parser/-/range-parser-1.2.4.tgz",
      "integrity": "sha512-EEhsLsD6UsDM1yFhAvy0Cjr6VwmpMWqFBCb9w07wVugF7w9nfajxLuVmngTIpgS6svCnm6Vaw+MZhoDCKnOfsw==",
      "dev": true
    },
    "node_modules/@types/send": {
      "version": "0.17.1",
      "resolved": "https://registry.npmjs.org/@types/send/-/send-0.17.1.tgz",
      "integrity": "sha512-Cwo8LE/0rnvX7kIIa3QHCkcuF21c05Ayb0ZfxPiv0W8VRiZiNW/WuRupHKpqqGVGf7SUA44QSOUKaEd9lIrd/Q==",
      "dev": true,
      "dependencies": {
        "@types/mime": "^1",
        "@types/node": "*"
      }
    },
    "node_modules/@types/serve-static": {
      "version": "1.15.2",
      "resolved": "https://registry.npmjs.org/@types/serve-static/-/serve-static-1.15.2.tgz",
      "integrity": "sha512-J2LqtvFYCzaj8pVYKw8klQXrLLk7TBZmQ4ShlcdkELFKGwGMfevMLneMMRkMgZxotOD9wg497LpC7O8PcvAmfw==",
      "dev": true,
      "dependencies": {
        "@types/http-errors": "*",
        "@types/mime": "*",
        "@types/node": "*"
      }
    },
    "node_modules/accepts": {
      "version": "1.3.8",
      "license": "MIT",
      "dependencies": {
        "mime-types": "~2.1.34",
        "negotiator": "0.6.3"
      },
      "engines": {
        "node": ">= 0.6"
      }
    },
    "node_modules/ansi-styles": {
      "version": "4.3.0",
      "resolved": "https://registry.npmjs.org/ansi-styles/-/ansi-styles-4.3.0.tgz",
      "integrity": "sha512-zbB9rCJAT1rbjiVDb2hqKFHNYLxgtk8NURxZ3IZwD3F6NtxbXZQCnnSi1Lkx+IDohdPlFp222wVALIheZJQSEg==",
      "dependencies": {
        "color-convert": "^2.0.1"
      },
      "engines": {
        "node": ">=8"
      },
      "funding": {
        "url": "https://github.com/chalk/ansi-styles?sponsor=1"
      }
    },
    "node_modules/array-flatten": {
      "version": "1.1.1",
      "license": "MIT"
    },
    "node_modules/async": {
      "version": "3.2.4",
      "resolved": "https://registry.npmjs.org/async/-/async-3.2.4.tgz",
      "integrity": "sha512-iAB+JbDEGXhyIUavoDl9WP/Jj106Kz9DEn1DPgYw5ruDn0e3Wgi3sKFm55sASdGBNOQB8F59d9qQ7deqrHA8wQ=="
    },
    "node_modules/balanced-match": {
      "version": "1.0.2",
      "resolved": "https://registry.npmjs.org/balanced-match/-/balanced-match-1.0.2.tgz",
      "integrity": "sha512-3oSeUO0TMV67hN1AmbXsK4yaqU7tjiHlbxRDZOpH0KW9+CeX4bRAaX0Anxt0tx2MrpRpWwQaPwIlISEJhYU5Pw=="
    },
    "node_modules/body-parser": {
      "version": "1.20.2",
      "resolved": "https://registry.npmjs.org/body-parser/-/body-parser-1.20.2.tgz",
      "integrity": "sha512-ml9pReCu3M61kGlqoTm2umSXTlRTuGTx0bfYj+uIUKKYycG5NtSbeetV3faSU6R7ajOPw0g/J1PvK4qNy7s5bA==",
      "dependencies": {
        "bytes": "3.1.2",
        "content-type": "~1.0.5",
        "debug": "2.6.9",
        "depd": "2.0.0",
        "destroy": "1.2.0",
        "http-errors": "2.0.0",
        "iconv-lite": "0.4.24",
        "on-finished": "2.4.1",
        "qs": "6.11.0",
        "raw-body": "2.5.2",
        "type-is": "~1.6.18",
        "unpipe": "1.0.0"
      },
      "engines": {
        "node": ">= 0.8",
        "npm": "1.2.8000 || >= 1.4.16"
      }
    },
    "node_modules/brace-expansion": {
      "version": "1.1.11",
      "resolved": "https://registry.npmjs.org/brace-expansion/-/brace-expansion-1.1.11.tgz",
      "integrity": "sha512-iCuPHDFgrHX7H2vEI/5xpz07zSHB00TpugqhmYtVmMO6518mCuRMoOYFldEBl0g187ufozdaHgWKcYFb61qGiA==",
      "dependencies": {
        "balanced-match": "^1.0.0",
        "concat-map": "0.0.1"
      }
    },
    "node_modules/bun-types": {
      "version": "1.0.2",
      "resolved": "https://registry.npmjs.org/bun-types/-/bun-types-1.0.2.tgz",
      "integrity": "sha512-yqBp2SX9cqr5/GReb56uCfM+YP+Hntx3XPjbqX1VJXqOBu+Yqw8iWRFLKFIsz9uEfykLgflhramQ8a5Jgo+Tlg==",
      "dev": true
    },
    "node_modules/bytes": {
      "version": "3.1.2",
      "resolved": "https://registry.npmjs.org/bytes/-/bytes-3.1.2.tgz",
      "integrity": "sha512-/Nf7TyzTx6S3yRJObOAV7956r8cr2+Oj8AC5dt8wSP3BQAoeX58NoHyCU8P8zGkNXStjTSi6fzO6F0pBdcYbEg==",
      "engines": {
        "node": ">= 0.8"
      }
    },
    "node_modules/call-bind": {
      "version": "1.0.2",
      "license": "MIT",
      "dependencies": {
        "function-bind": "^1.1.1",
        "get-intrinsic": "^1.0.2"
      },
      "funding": {
        "url": "https://github.com/sponsors/ljharb"
      }
    },
    "node_modules/chalk": {
      "version": "4.1.2",
      "resolved": "https://registry.npmjs.org/chalk/-/chalk-4.1.2.tgz",
      "integrity": "sha512-oKnbhFyRIXpUuez8iBMmyEa4nbj4IOQyuhc/wy9kY7/WVPcwIO9VA668Pu8RkO7+0G76SLROeyw9CpQ061i4mA==",
      "dependencies": {
        "ansi-styles": "^4.1.0",
        "supports-color": "^7.1.0"
      },
      "engines": {
        "node": ">=10"
      },
      "funding": {
        "url": "https://github.com/chalk/chalk?sponsor=1"
      }
    },
    "node_modules/color-convert": {
      "version": "2.0.1",
      "resolved": "https://registry.npmjs.org/color-convert/-/color-convert-2.0.1.tgz",
      "integrity": "sha512-RRECPsj7iu/xb5oKYcsFHSppFNnsj/52OVTRKb4zP5onXwVF3zVmmToNcOfGC+CRDpfK/U584fMg38ZHCaElKQ==",
      "dependencies": {
        "color-name": "~1.1.4"
      },
      "engines": {
        "node": ">=7.0.0"
      }
    },
    "node_modules/color-name": {
      "version": "1.1.4",
      "resolved": "https://registry.npmjs.org/color-name/-/color-name-1.1.4.tgz",
      "integrity": "sha512-dOy+3AuW3a2wNbZHIuMZpTcgjGuLU/uBL/ubcZF9OXbDo8ff4O8yVp5Bf0efS8uEoYo5q4Fx7dY9OgQGXgAsQA=="
    },
    "node_modules/concat-map": {
      "version": "0.0.1",
      "resolved": "https://registry.npmjs.org/concat-map/-/concat-map-0.0.1.tgz",
      "integrity": "sha512-/Srv4dswyQNBfohGpz9o6Yb3Gz3SrUDqBH5rTuhGR7ahtlbYKnVxw2bCFMRljaA7EXHaXZ8wsHdodFvbkhKmqg=="
    },
    "node_modules/content-disposition": {
      "version": "0.5.4",
      "license": "MIT",
      "dependencies": {
        "safe-buffer": "5.2.1"
      },
      "engines": {
        "node": ">= 0.6"
      }
    },
    "node_modules/content-type": {
      "version": "1.0.5",
      "license": "MIT",
      "engines": {
        "node": ">= 0.6"
      }
    },
    "node_modules/cookie": {
      "version": "0.5.0",
      "license": "MIT",
      "engines": {
        "node": ">= 0.6"
      }
    },
    "node_modules/cookie-parser": {
      "version": "1.4.6",
      "resolved": "https://registry.npmjs.org/cookie-parser/-/cookie-parser-1.4.6.tgz",
      "integrity": "sha512-z3IzaNjdwUC2olLIB5/ITd0/setiaFMLYiZJle7xg5Fe9KWAceil7xszYfHHBtDFYLSgJduS2Ty0P1uJdPDJeA==",
      "dependencies": {
        "cookie": "0.4.1",
        "cookie-signature": "1.0.6"
      },
      "engines": {
        "node": ">= 0.8.0"
      }
    },
    "node_modules/cookie-parser/node_modules/cookie": {
      "version": "0.4.1",
      "resolved": "https://registry.npmjs.org/cookie/-/cookie-0.4.1.tgz",
      "integrity": "sha512-ZwrFkGJxUR3EIoXtO+yVE69Eb7KlixbaeAWfBQB9vVsNn/o+Yw69gBWSSDK825hQNdN+wF8zELf3dFNl/kxkUA==",
      "engines": {
        "node": ">= 0.6"
      }
    },
    "node_modules/cookie-signature": {
      "version": "1.0.6",
      "license": "MIT"
    },
    "node_modules/crypto-js": {
      "version": "4.1.1",
      "resolved": "https://registry.npmjs.org/crypto-js/-/crypto-js-4.1.1.tgz",
      "integrity": "sha512-o2JlM7ydqd3Qk9CA0L4NL6mTzU2sdx96a+oOfPu8Mkl/PK51vSyoi8/rQ8NknZtk44vq15lmhAj9CIAGwgeWKw=="
    },
    "node_modules/debug": {
      "version": "2.6.9",
      "license": "MIT",
      "dependencies": {
        "ms": "2.0.0"
      }
    },
    "node_modules/depd": {
      "version": "2.0.0",
      "license": "MIT",
      "engines": {
        "node": ">= 0.8"
      }
    },
    "node_modules/destroy": {
      "version": "1.2.0",
      "license": "MIT",
      "engines": {
        "node": ">= 0.8",
        "npm": "1.2.8000 || >= 1.4.16"
      }
    },
    "node_modules/ee-first": {
      "version": "1.1.1",
      "license": "MIT"
    },
    "node_modules/ejs": {
      "version": "3.1.9",
      "resolved": "https://registry.npmjs.org/ejs/-/ejs-3.1.9.tgz",
      "integrity": "sha512-rC+QVNMJWv+MtPgkt0y+0rVEIdbtxVADApW9JXrUVlzHetgcyczP/E7DJmWJ4fJCZF2cPcBk0laWO9ZHMG3DmQ==",
      "dependencies": {
        "jake": "^10.8.5"
      },
      "bin": {
        "ejs": "bin/cli.js"
      },
      "engines": {
        "node": ">=0.10.0"
      }
    },
    "node_modules/encodeurl": {
      "version": "1.0.2",
      "license": "MIT",
      "engines": {
        "node": ">= 0.8"
      }
    },
    "node_modules/escape-html": {
      "version": "1.0.3",
      "license": "MIT"
    },
    "node_modules/etag": {
      "version": "1.8.1",
      "license": "MIT",
      "engines": {
        "node": ">= 0.6"
      }
    },
    "node_modules/express": {
      "version": "4.18.2",
      "resolved": "https://registry.npmjs.org/express/-/express-4.18.2.tgz",
      "integrity": "sha512-5/PsL6iGPdfQ/lKM1UuielYgv3BUoJfz1aUwU9vHZ+J7gyvwdQXFEBIEIaxeGf0GIcreATNyBExtalisDbuMqQ==",
      "dependencies": {
        "accepts": "~1.3.8",
        "array-flatten": "1.1.1",
        "body-parser": "1.20.1",
        "content-disposition": "0.5.4",
        "content-type": "~1.0.4",
        "cookie": "0.5.0",
        "cookie-signature": "1.0.6",
        "debug": "2.6.9",
        "depd": "2.0.0",
        "encodeurl": "~1.0.2",
        "escape-html": "~1.0.3",
        "etag": "~1.8.1",
        "finalhandler": "1.2.0",
        "fresh": "0.5.2",
        "http-errors": "2.0.0",
        "merge-descriptors": "1.0.1",
        "methods": "~1.1.2",
        "on-finished": "2.4.1",
        "parseurl": "~1.3.3",
        "path-to-regexp": "0.1.7",
        "proxy-addr": "~2.0.7",
        "qs": "6.11.0",
        "range-parser": "~1.2.1",
        "safe-buffer": "5.2.1",
        "send": "0.18.0",
        "serve-static": "1.15.0",
        "setprototypeof": "1.2.0",
        "statuses": "2.0.1",
        "type-is": "~1.6.18",
        "utils-merge": "1.0.1",
        "vary": "~1.1.2"
      },
      "engines": {
        "node": ">= 0.10.0"
      }
    },
    "node_modules/express-session": {
      "version": "1.17.3",
      "resolved": "https://registry.npmjs.org/express-session/-/express-session-1.17.3.tgz",
      "integrity": "sha512-4+otWXlShYlG1Ma+2Jnn+xgKUZTMJ5QD3YvfilX3AcocOAbIkVylSWEklzALe/+Pu4qV6TYBj5GwOBFfdKqLBw==",
      "dependencies": {
        "cookie": "0.4.2",
        "cookie-signature": "1.0.6",
        "debug": "2.6.9",
        "depd": "~2.0.0",
        "on-headers": "~1.0.2",
        "parseurl": "~1.3.3",
        "safe-buffer": "5.2.1",
        "uid-safe": "~2.1.5"
      },
      "engines": {
        "node": ">= 0.8.0"
      }
    },
    "node_modules/express-session/node_modules/cookie": {
      "version": "0.4.2",
      "resolved": "https://registry.npmjs.org/cookie/-/cookie-0.4.2.tgz",
      "integrity": "sha512-aSWTXFzaKWkvHO1Ny/s+ePFpvKsPnjc551iI41v3ny/ow6tBG5Vd+FuqGNhh1LxOmVzOlGUriIlOaokOvhaStA==",
      "engines": {
        "node": ">= 0.6"
      }
    },
    "node_modules/express/node_modules/body-parser": {
      "version": "1.20.1",
      "resolved": "https://registry.npmjs.org/body-parser/-/body-parser-1.20.1.tgz",
      "integrity": "sha512-jWi7abTbYwajOytWCQc37VulmWiRae5RyTpaCyDcS5/lMdtwSz5lOpDE67srw/HYe35f1z3fDQw+3txg7gNtWw==",
      "dependencies": {
        "bytes": "3.1.2",
        "content-type": "~1.0.4",
        "debug": "2.6.9",
        "depd": "2.0.0",
        "destroy": "1.2.0",
        "http-errors": "2.0.0",
        "iconv-lite": "0.4.24",
        "on-finished": "2.4.1",
        "qs": "6.11.0",
        "raw-body": "2.5.1",
        "type-is": "~1.6.18",
        "unpipe": "1.0.0"
      },
      "engines": {
        "node": ">= 0.8",
        "npm": "1.2.8000 || >= 1.4.16"
      }
    },
    "node_modules/express/node_modules/raw-body": {
      "version": "2.5.1",
      "resolved": "https://registry.npmjs.org/raw-body/-/raw-body-2.5.1.tgz",
      "integrity": "sha512-qqJBtEyVgS0ZmPGdCFPWJ3FreoqvG4MVQln/kCgF7Olq95IbOp0/BWyMwbdtn4VTvkM8Y7khCQ2Xgk/tcrCXig==",
      "dependencies": {
        "bytes": "3.1.2",
        "http-errors": "2.0.0",
        "iconv-lite": "0.4.24",
        "unpipe": "1.0.0"
      },
      "engines": {
        "node": ">= 0.8"
      }
    },
    "node_modules/filelist": {
      "version": "1.0.4",
      "resolved": "https://registry.npmjs.org/filelist/-/filelist-1.0.4.tgz",
      "integrity": "sha512-w1cEuf3S+DrLCQL7ET6kz+gmlJdbq9J7yXCSjK/OZCPA+qEN1WyF4ZAf0YYJa4/shHJra2t/d/r8SV4Ji+x+8Q==",
      "dependencies": {
        "minimatch": "^5.0.1"
      }
    },
    "node_modules/filelist/node_modules/brace-expansion": {
      "version": "2.0.1",
      "resolved": "https://registry.npmjs.org/brace-expansion/-/brace-expansion-2.0.1.tgz",
      "integrity": "sha512-XnAIvQ8eM+kC6aULx6wuQiwVsnzsi9d3WxzV3FpWTGA19F621kwdbsAcFKXgKUHZWsy+mY6iL1sHTxWEFCytDA==",
      "dependencies": {
        "balanced-match": "^1.0.0"
      }
    },
    "node_modules/filelist/node_modules/minimatch": {
      "version": "5.1.6",
      "resolved": "https://registry.npmjs.org/minimatch/-/minimatch-5.1.6.tgz",
      "integrity": "sha512-lKwV/1brpG6mBUFHtb7NUmtABCb2WZZmm2wNiOA5hAb8VdCS4B3dtMWyvcoViccwAW/COERjXLt0zP1zXUN26g==",
      "dependencies": {
        "brace-expansion": "^2.0.1"
      },
      "engines": {
        "node": ">=10"
      }
    },
    "node_modules/finalhandler": {
      "version": "1.2.0",
      "license": "MIT",
      "dependencies": {
        "debug": "2.6.9",
        "encodeurl": "~1.0.2",
        "escape-html": "~1.0.3",
        "on-finished": "2.4.1",
        "parseurl": "~1.3.3",
        "statuses": "2.0.1",
        "unpipe": "~1.0.0"
      },
      "engines": {
        "node": ">= 0.8"
      }
    },
    "node_modules/forwarded": {
      "version": "0.2.0",
      "license": "MIT",
      "engines": {
        "node": ">= 0.6"
      }
    },
    "node_modules/fresh": {
      "version": "0.5.2",
      "license": "MIT",
      "engines": {
        "node": ">= 0.6"
      }
    },
    "node_modules/fs.realpath": {
      "version": "1.0.0",
      "resolved": "https://registry.npmjs.org/fs.realpath/-/fs.realpath-1.0.0.tgz",
      "integrity": "sha512-OO0pH2lK6a0hZnAdau5ItzHPI6pUlvI7jMVnxUQRtw4owF2wk8lOSabtGDCTP4Ggrg2MbGnWO9X8K1t4+fGMDw=="
    },
    "node_modules/function-bind": {
      "version": "1.1.1",
      "license": "MIT"
    },
    "node_modules/get-intrinsic": {
      "version": "1.2.1",
      "license": "MIT",
      "dependencies": {
        "function-bind": "^1.1.1",
        "has": "^1.0.3",
        "has-proto": "^1.0.1",
        "has-symbols": "^1.0.3"
      },
      "funding": {
        "url": "https://github.com/sponsors/ljharb"
      }
    },
    "node_modules/glob": {
      "version": "7.2.3",
      "resolved": "https://registry.npmjs.org/glob/-/glob-7.2.3.tgz",
      "integrity": "sha512-nFR0zLpU2YCaRxwoCJvL6UvCH2JFyFVIvwTLsIf21AuHlMskA1hhTdk+LlYJtOlYt9v6dvszD2BGRqBL+iQK9Q==",
      "dependencies": {
        "fs.realpath": "^1.0.0",
        "inflight": "^1.0.4",
        "inherits": "2",
        "minimatch": "^3.1.1",
        "once": "^1.3.0",
        "path-is-absolute": "^1.0.0"
      },
      "engines": {
        "node": "*"
      },
      "funding": {
        "url": "https://github.com/sponsors/isaacs"
      }
    },
    "node_modules/has": {
      "version": "1.0.3",
      "license": "MIT",
      "dependencies": {
        "function-bind": "^1.1.1"
      },
      "engines": {
        "node": ">= 0.4.0"
      }
    },
    "node_modules/has-flag": {
      "version": "4.0.0",
      "resolved": "https://registry.npmjs.org/has-flag/-/has-flag-4.0.0.tgz",
      "integrity": "sha512-EykJT/Q1KjTWctppgIAgfSO0tKVuZUjhgMr17kqTumMl6Afv3EISleU7qZUzoXDFTAHTDC4NOoG/ZxU3EvlMPQ==",
      "engines": {
        "node": ">=8"
      }
    },
    "node_modules/has-proto": {
      "version": "1.0.1",
      "license": "MIT",
      "engines": {
        "node": ">= 0.4"
      },
      "funding": {
        "url": "https://github.com/sponsors/ljharb"
      }
    },
    "node_modules/has-symbols": {
      "version": "1.0.3",
      "license": "MIT",
      "engines": {
        "node": ">= 0.4"
      },
      "funding": {
        "url": "https://github.com/sponsors/ljharb"
      }
    },
    "node_modules/hono": {
      "version": "3.6.1",
      "resolved": "https://registry.npmjs.org/hono/-/hono-3.6.1.tgz",
      "integrity": "sha512-FaWXh0MSc2Hv2IrGI4vFvZEK69NHfggEgHUlNMXp2zrpKh23j7wS0Ku316Do9CFAl07OBNozBelcvruiBT8crQ==",
      "engines": {
        "node": ">=16.0.0"
      }
    },
    "node_modules/http-errors": {
      "version": "2.0.0",
      "license": "MIT",
      "dependencies": {
        "depd": "2.0.0",
        "inherits": "2.0.4",
        "setprototypeof": "1.2.0",
        "statuses": "2.0.1",
        "toidentifier": "1.0.1"
      },
      "engines": {
        "node": ">= 0.8"
      }
    },
    "node_modules/iconv-lite": {
      "version": "0.4.24",
      "resolved": "https://registry.npmjs.org/iconv-lite/-/iconv-lite-0.4.24.tgz",
      "integrity": "sha512-v3MXnZAcvnywkTUEZomIActle7RXXeedOR31wwl7VlyoXO4Qi9arvSenNQWne1TcRwhCL1HwLI21bEqdpj8/rA==",
      "dependencies": {
        "safer-buffer": ">= 2.1.2 < 3"
      },
      "engines": {
        "node": ">=0.10.0"
      }
    },
    "node_modules/inflight": {
      "version": "1.0.6",
      "resolved": "https://registry.npmjs.org/inflight/-/inflight-1.0.6.tgz",
      "integrity": "sha512-k92I/b08q4wvFscXCLvqfsHCrjrF7yiXsQuIVvVE7N82W3+aqpzuUdBbfhWcy/FZR3/4IgflMgKLOsvPDrGCJA==",
      "dependencies": {
        "once": "^1.3.0",
        "wrappy": "1"
      }
    },
    "node_modules/inherits": {
      "version": "2.0.4",
      "license": "ISC"
    },
    "node_modules/ipaddr.js": {
      "version": "1.9.1",
      "license": "MIT",
      "engines": {
        "node": ">= 0.10"
      }
    },
    "node_modules/jake": {
      "version": "10.8.7",
      "resolved": "https://registry.npmjs.org/jake/-/jake-10.8.7.tgz",
      "integrity": "sha512-ZDi3aP+fG/LchyBzUM804VjddnwfSfsdeYkwt8NcbKRvo4rFkjhs456iLFn3k2ZUWvNe4i48WACDbza8fhq2+w==",
      "dependencies": {
        "async": "^3.2.3",
        "chalk": "^4.0.2",
        "filelist": "^1.0.4",
        "minimatch": "^3.1.2"
      },
      "bin": {
        "jake": "bin/cli.js"
      },
      "engines": {
        "node": ">=10"
      }
    },
    "node_modules/media-typer": {
      "version": "0.3.0",
      "license": "MIT",
      "engines": {
        "node": ">= 0.6"
      }
    },
    "node_modules/merge-descriptors": {
      "version": "1.0.1",
      "license": "MIT"
    },
    "node_modules/methods": {
      "version": "1.1.2",
      "license": "MIT",
      "engines": {
        "node": ">= 0.6"
      }
    },
    "node_modules/mime": {
      "version": "1.6.0",
      "license": "MIT",
      "bin": {
        "mime": "cli.js"
      },
      "engines": {
        "node": ">=4"
      }
    },
    "node_modules/mime-db": {
      "version": "1.52.0",
      "license": "MIT",
      "engines": {
        "node": ">= 0.6"
      }
    },
    "node_modules/mime-types": {
      "version": "2.1.35",
      "license": "MIT",
      "dependencies": {
        "mime-db": "1.52.0"
      },
      "engines": {
        "node": ">= 0.6"
      }
    },
    "node_modules/minimatch": {
      "version": "3.1.2",
      "resolved": "https://registry.npmjs.org/minimatch/-/minimatch-3.1.2.tgz",
      "integrity": "sha512-J7p63hRiAjw1NDEww1W7i37+ByIrOWO5XQQAzZ3VOcL0PNybwpfmV/N05zFAzwQ9USyEcX6t3UO+K5aqBQOIHw==",
      "dependencies": {
        "brace-expansion": "^1.1.7"
      },
      "engines": {
        "node": "*"
      }
    },
    "node_modules/ms": {
      "version": "2.0.0",
      "license": "MIT"
    },
    "node_modules/negotiator": {
      "version": "0.6.3",
      "license": "MIT",
      "engines": {
        "node": ">= 0.6"
      }
    },
    "node_modules/object-inspect": {
      "version": "1.12.3",
      "license": "MIT",
      "funding": {
        "url": "https://github.com/sponsors/ljharb"
      }
    },
    "node_modules/on-finished": {
      "version": "2.4.1",
      "license": "MIT",
      "dependencies": {
        "ee-first": "1.1.1"
      },
      "engines": {
        "node": ">= 0.8"
      }
    },
    "node_modules/on-headers": {
      "version": "1.0.2",
      "resolved": "https://registry.npmjs.org/on-headers/-/on-headers-1.0.2.tgz",
      "integrity": "sha512-pZAE+FJLoyITytdqK0U5s+FIpjN0JP3OzFi/u8Rx+EV5/W+JTWGXG8xFzevE7AjBfDqHv/8vL8qQsIhHnqRkrA==",
      "engines": {
        "node": ">= 0.8"
      }
    },
    "node_modules/once": {
      "version": "1.4.0",
      "resolved": "https://registry.npmjs.org/once/-/once-1.4.0.tgz",
      "integrity": "sha512-lNaJgI+2Q5URQBkccEKHTQOPaXdUxnZZElQTZY0MFUAuaEqe1E+Nyvgdz/aIyNi6Z9MzO5dv1H8n58/GELp3+w==",
      "dependencies": {
        "wrappy": "1"
      }
    },
    "node_modules/parseurl": {
      "version": "1.3.3",
      "license": "MIT",
      "engines": {
        "node": ">= 0.8"
      }
    },
    "node_modules/path-is-absolute": {
      "version": "1.0.1",
      "resolved": "https://registry.npmjs.org/path-is-absolute/-/path-is-absolute-1.0.1.tgz",
      "integrity": "sha512-AVbw3UJ2e9bq64vSaS9Am0fje1Pa8pbGqTTsmXfaIiMpnr5DlDhfJOuLj9Sf95ZPVDAUerDfEk88MPmPe7UCQg==",
      "engines": {
        "node": ">=0.10.0"
      }
    },
    "node_modules/path-to-regexp": {
      "version": "0.1.7",
      "license": "MIT"
    },
    "node_modules/proxy-addr": {
      "version": "2.0.7",
      "license": "MIT",
      "dependencies": {
        "forwarded": "0.2.0",
        "ipaddr.js": "1.9.1"
      },
      "engines": {
        "node": ">= 0.10"
      }
    },
    "node_modules/qs": {
      "version": "6.11.0",
      "license": "BSD-3-Clause",
      "dependencies": {
        "side-channel": "^1.0.4"
      },
      "engines": {
        "node": ">=0.6"
      },
      "funding": {
        "url": "https://github.com/sponsors/ljharb"
      }
    },
    "node_modules/random-bytes": {
      "version": "1.0.0",
      "resolved": "https://registry.npmjs.org/random-bytes/-/random-bytes-1.0.0.tgz",
      "integrity": "sha512-iv7LhNVO047HzYR3InF6pUcUsPQiHTM1Qal51DcGSuZFBil1aBBWG5eHPNek7bvILMaYJ/8RU1e8w1AMdHmLQQ==",
      "engines": {
        "node": ">= 0.8"
      }
    },
    "node_modules/range-parser": {
      "version": "1.2.1",
      "license": "MIT",
      "engines": {
        "node": ">= 0.6"
      }
    },
    "node_modules/raw-body": {
      "version": "2.5.2",
      "resolved": "https://registry.npmjs.org/raw-body/-/raw-body-2.5.2.tgz",
      "integrity": "sha512-8zGqypfENjCIqGhgXToC8aB2r7YrBX+AQAfIPs/Mlk+BtPTztOvTS01NRW/3Eh60J+a48lt8qsCzirQ6loCVfA==",
      "dependencies": {
        "bytes": "3.1.2",
        "http-errors": "2.0.0",
        "iconv-lite": "0.4.24",
        "unpipe": "1.0.0"
      },
      "engines": {
        "node": ">= 0.8"
      }
    },
    "node_modules/rimraf": {
      "version": "3.0.2",
      "resolved": "https://registry.npmjs.org/rimraf/-/rimraf-3.0.2.tgz",
      "integrity": "sha512-JZkJMZkAGFFPP2YqXZXPbMlMBgsxzE8ILs4lMIX/2o0L9UBw9O/Y3o6wFw/i9YLapcUJWwqbi3kdxIPdC62TIA==",
      "dependencies": {
        "glob": "^7.1.3"
      },
      "bin": {
        "rimraf": "bin.js"
      },
      "funding": {
        "url": "https://github.com/sponsors/isaacs"
      }
    },
    "node_modules/safe-buffer": {
      "version": "5.2.1",
      "funding": [
        {
          "type": "github",
          "url": "https://github.com/sponsors/feross"
        },
        {
          "type": "patreon",
          "url": "https://www.patreon.com/feross"
        },
        {
          "type": "consulting",
          "url": "https://feross.org/support"
        }
      ],
      "license": "MIT"
    },
    "node_modules/safer-buffer": {
      "version": "2.1.2",
      "resolved": "https://registry.npmjs.org/safer-buffer/-/safer-buffer-2.1.2.tgz",
      "integrity": "sha512-YZo3K82SD7Riyi0E1EQPojLz7kpepnSQI9IyPbHHg1XXXevb5dJI7tpyN2ADxGcQbHG7vcyRHk0cbwqcQriUtg=="
    },
    "node_modules/send": {
      "version": "0.18.0",
      "license": "MIT",
      "dependencies": {
        "debug": "2.6.9",
        "depd": "2.0.0",
        "destroy": "1.2.0",
        "encodeurl": "~1.0.2",
        "escape-html": "~1.0.3",
        "etag": "~1.8.1",
        "fresh": "0.5.2",
        "http-errors": "2.0.0",
        "mime": "1.6.0",
        "ms": "2.1.3",
        "on-finished": "2.4.1",
        "range-parser": "~1.2.1",
        "statuses": "2.0.1"
      },
      "engines": {
        "node": ">= 0.8.0"
      }
    },
    "node_modules/send/node_modules/ms": {
      "version": "2.1.3",
      "license": "MIT"
    },
    "node_modules/serve-static": {
      "version": "1.15.0",
      "license": "MIT",
      "dependencies": {
        "encodeurl": "~1.0.2",
        "escape-html": "~1.0.3",
        "parseurl": "~1.3.3",
        "send": "0.18.0"
      },
      "engines": {
        "node": ">= 0.8.0"
      }
    },
    "node_modules/setprototypeof": {
      "version": "1.2.0",
      "license": "ISC"
    },
    "node_modules/side-channel": {
      "version": "1.0.4",
      "license": "MIT",
      "dependencies": {
        "call-bind": "^1.0.0",
        "get-intrinsic": "^1.0.2",
        "object-inspect": "^1.9.0"
      },
      "funding": {
        "url": "https://github.com/sponsors/ljharb"
      }
    },
    "node_modules/statuses": {
      "version": "2.0.1",
      "license": "MIT",
      "engines": {
        "node": ">= 0.8"
      }
    },
    "node_modules/supports-color": {
      "version": "7.2.0",
      "resolved": "https://registry.npmjs.org/supports-color/-/supports-color-7.2.0.tgz",
      "integrity": "sha512-qpCAvRl9stuOHveKsn7HncJRvv501qIacKzQlO/+Lwxc9+0q2wLyv4Dfvt80/DPn2pqOBsJdDiogXGR9+OvwRw==",
      "dependencies": {
        "has-flag": "^4.0.0"
      },
      "engines": {
        "node": ">=8"
      }
    },
    "node_modules/tmp": {
      "version": "0.2.1",
      "resolved": "https://registry.npmjs.org/tmp/-/tmp-0.2.1.tgz",
      "integrity": "sha512-76SUhtfqR2Ijn+xllcI5P1oyannHNHByD80W1q447gU3mp9G9PSpGdWmjUOHRDPiHYacIk66W7ubDTuPF3BEtQ==",
      "dependencies": {
        "rimraf": "^3.0.0"
      },
      "engines": {
        "node": ">=8.17.0"
      }
    },
    "node_modules/tmp-promise": {
      "version": "3.0.3",
      "resolved": "https://registry.npmjs.org/tmp-promise/-/tmp-promise-3.0.3.tgz",
      "integrity": "sha512-RwM7MoPojPxsOBYnyd2hy0bxtIlVrihNs9pj5SUvY8Zz1sQcQG2tG1hSr8PDxfgEB8RNKDhqbIlroIarSNDNsQ==",
      "dependencies": {
        "tmp": "^0.2.0"
      }
    },
    "node_modules/toidentifier": {
      "version": "1.0.1",
      "license": "MIT",
      "engines": {
        "node": ">=0.6"
      }
    },
    "node_modules/type-is": {
      "version": "1.6.18",
      "license": "MIT",
      "dependencies": {
        "media-typer": "0.3.0",
        "mime-types": "~2.1.24"
      },
      "engines": {
        "node": ">= 0.6"
      }
    },
    "node_modules/typescript": {
      "version": "5.2.2",
      "resolved": "https://registry.npmjs.org/typescript/-/typescript-5.2.2.tgz",
      "integrity": "sha512-mI4WrpHsbCIcwT9cF4FZvr80QUeKvsUsUvKDoR+X/7XHQH98xYD8YHZg7ANtz2GtZt/CBq2QJ0thkGJMHfqc1w==",
      "peer": true,
      "bin": {
        "tsc": "bin/tsc",
        "tsserver": "bin/tsserver"
      },
      "engines": {
        "node": ">=14.17"
      }
    },
    "node_modules/uid-safe": {
      "version": "2.1.5",
      "resolved": "https://registry.npmjs.org/uid-safe/-/uid-safe-2.1.5.tgz",
      "integrity": "sha512-KPHm4VL5dDXKz01UuEd88Df+KzynaohSL9fBh096KWAxSKZQDI2uBrVqtvRM4rwrIrRRKsdLNML/lnaaVSRioA==",
      "dependencies": {
        "random-bytes": "~1.0.0"
      },
      "engines": {
        "node": ">= 0.8"
      }
    },
    "node_modules/unpipe": {
      "version": "1.0.0",
      "license": "MIT",
      "engines": {
        "node": ">= 0.8"
      }
    },
    "node_modules/utils-merge": {
      "version": "1.0.1",
      "license": "MIT",
      "engines": {
        "node": ">= 0.4.0"
      }
    },
    "node_modules/vary": {
      "version": "1.1.2",
      "license": "MIT",
      "engines": {
        "node": ">= 0.8"
      }
    },
    "node_modules/wrappy": {
      "version": "1.0.2",
      "resolved": "https://registry.npmjs.org/wrappy/-/wrappy-1.0.2.tgz",
      "integrity": "sha512-l4Sp/DRseor9wL6EvV2+TuQn63dMkPjZ/sp9XkghTEbV9KlPS1xUsZ3u7/IQO4wxtcFB4bgpQPRcR3QCvezPcQ=="
    }
  }
}
